<?xml version="1.0" encoding="utf-8"?>
<Project ToolsVersion="4.0" xmlns="http://schemas.microsoft.com/developer/msbuild/2003">
  <ItemGroup>
    <ClCompile Include="src\main.cpp">
      <Filter>src</Filter>
    </ClCompile>
    <ClCompile Include="libs\jsonxx\jsonxx.cpp">
      <Filter>libs\jsonxx</Filter>
    </ClCompile>
    <ClCompile Include="libs\pugixml\pugixml.cpp">
      <Filter>libs\pugixml</Filter>
    </ClCompile>
    <ClCompile Include="libs\ofxTextLabel\ofxTextLabel.cpp">
      <Filter>libs\ofxTextLabel</Filter>
    </ClCompile>
    <ClCompile Include="src\Components\CompValues.cpp">
      <Filter>src\Components</Filter>
    </ClCompile>
    <ClCompile Include="src\Components\GameObject.cpp">
      <Filter>src\Components</Filter>
    </ClCompile>
    <ClCompile Include="src\Components\Scene.cpp">
      <Filter>src\Components</Filter>
    </ClCompile>
    <ClCompile Include="src\Components\Component.cpp">
      <Filter>src\Components</Filter>
    </ClCompile>
    <ClCompile Include="src\Core\Renderer.cpp">
      <Filter>src\Core</Filter>
    </ClCompile>
    <ClCompile Include="src\Core\Sprite.cpp">
      <Filter>src\Core</Filter>
    </ClCompile>
    <ClCompile Include="src\Core\SpriteSheet.cpp">
      <Filter>src\Core</Filter>
    </ClCompile>
    <ClCompile Include="src\Core\SpriteSheetBuilder.cpp">
      <Filter>src\Core</Filter>
    </ClCompile>
    <ClCompile Include="src\Core\SpriteSheetRenderer.cpp">
      <Filter>src\Core</Filter>
    </ClCompile>
    <ClCompile Include="src\Core\SteeringMath.cpp">
      <Filter>src\Core</Filter>
    </ClCompile>
    <ClCompile Include="src\Core\StrId.cpp">
      <Filter>src\Core</Filter>
    </ClCompile>
    <ClCompile Include="src\Core\Transform.cpp">
      <Filter>src\Core</Filter>
    </ClCompile>
    <ClCompile Include="src\Core\TransformBuilder.cpp">
      <Filter>src\Core</Filter>
    </ClCompile>
    <ClCompile Include="src\Core\AphUtils.cpp">
      <Filter>src\Core</Filter>
    </ClCompile>
    <ClCompile Include="src\Core\Renderable.cpp">
      <Filter>src\Core</Filter>
    </ClCompile>
    <ClCompile Include="src\Examples\ComponentExample2.cpp">
      <Filter>src\Examples</Filter>
    </ClCompile>
    <ClCompile Include="src\Examples\CpuParticlesExample.cpp">
      <Filter>src\Examples</Filter>
    </ClCompile>
    <ClCompile Include="src\Examples\CubeExample.cpp">
      <Filter>src\Examples</Filter>
    </ClCompile>
    <ClCompile Include="src\Examples\GpuParticlesExample.cpp">
      <Filter>src\Examples</Filter>
    </ClCompile>
    <ClCompile Include="src\Examples\StarsExample.cpp">
      <Filter>src\Examples</Filter>
    </ClCompile>
    <ClCompile Include="src\Examples\TwistExample.cpp">
      <Filter>src\Examples</Filter>
    </ClCompile>
    <ClCompile Include="src\Examples\ColorWaveExample.cpp">
      <Filter>src\Examples</Filter>
    </ClCompile>
    <ClCompile Include="src\Examples\ComponentExample.cpp">
      <Filter>src\Examples</Filter>
    </ClCompile>
    <ClCompile Include="src\Pacman\GameUnit.cpp">
      <Filter>src\Pacman</Filter>
    </ClCompile>
    <ClCompile Include="src\Pacman\Map.cpp">
      <Filter>src\Pacman</Filter>
    </ClCompile>
    <ClCompile Include="src\Pacman\PacmanApp.cpp">
      <Filter>src\Pacman</Filter>
    </ClCompile>
    <ClCompile Include="src\Pacman\Player.cpp">
      <Filter>src\Pacman</Filter>
    </ClCompile>
    <ClCompile Include="src\Pacman\Spider.cpp">
      <Filter>src\Pacman</Filter>
    </ClCompile>
    <ClCompile Include="src\Pacman\GameSprites.cpp">
      <Filter>src\Pacman</Filter>
    </ClCompile>
    <ClCompile Include="src\Core\Flags.cpp">
      <Filter>src\Core</Filter>
    </ClCompile>
    <ClCompile Include="src\Paratrooper\GameValues.cpp">
      <Filter>src\Paratrooper</Filter>
    </ClCompile>
    <ClCompile Include="src\Paratrooper\ParatrooperApp.cpp">
      <Filter>src\Paratrooper</Filter>
    </ClCompile>
    <ClCompile Include="src\Paratrooper\ParatrooperFactory.cpp">
      <Filter>src\Paratrooper</Filter>
    </ClCompile>
    <ClCompile Include="src\Core\GridMap.cpp">
      <Filter>src\Core</Filter>
    </ClCompile>
    <ClCompile Include="src\Core\PathFinder.cpp">
      <Filter>src\Core</Filter>
    </ClCompile>
    <ClCompile Include="src\Examples\PathFindingExample.cpp">
      <Filter>src\Examples</Filter>
    </ClCompile>
    <ClCompile Include="src\Examples\VerletExample.cpp">
      <Filter>src\Examples</Filter>
    </ClCompile>
    <ClCompile Include="src\Examples\QuadTreeExample.cpp">
      <Filter>src\Examples</Filter>
    </ClCompile>
    <ClCompile Include="src\Examples\PerlinNoiseExample.cpp">
      <Filter>src\Examples</Filter>
    </ClCompile>
    <ClCompile Include="src\Core\Path.cpp">
      <Filter>src\Core</Filter>
    </ClCompile>
    <ClCompile Include="libs\lua\ldump.c">
      <Filter>libs\lua</Filter>
    </ClCompile>
    <ClCompile Include="libs\lua\lfunc.c">
      <Filter>libs\lua</Filter>
    </ClCompile>
    <ClCompile Include="libs\lua\lgc.c">
      <Filter>libs\lua</Filter>
    </ClCompile>
    <ClCompile Include="libs\lua\linit.c">
      <Filter>libs\lua</Filter>
    </ClCompile>
    <ClCompile Include="libs\lua\liolib.c">
      <Filter>libs\lua</Filter>
    </ClCompile>
    <ClCompile Include="libs\lua\llex.c">
      <Filter>libs\lua</Filter>
    </ClCompile>
    <ClCompile Include="libs\lua\lmathlib.c">
      <Filter>libs\lua</Filter>
    </ClCompile>
    <ClCompile Include="libs\lua\lmem.c">
      <Filter>libs\lua</Filter>
    </ClCompile>
    <ClCompile Include="libs\lua\loadlib.c">
      <Filter>libs\lua</Filter>
    </ClCompile>
    <ClCompile Include="libs\lua\lobject.c">
      <Filter>libs\lua</Filter>
    </ClCompile>
    <ClCompile Include="libs\lua\lopcodes.c">
      <Filter>libs\lua</Filter>
    </ClCompile>
    <ClCompile Include="libs\lua\loslib.c">
      <Filter>libs\lua</Filter>
    </ClCompile>
    <ClCompile Include="libs\lua\lparser.c">
      <Filter>libs\lua</Filter>
    </ClCompile>
    <ClCompile Include="libs\lua\lstate.c">
      <Filter>libs\lua</Filter>
    </ClCompile>
    <ClCompile Include="libs\lua\lstring.c">
      <Filter>libs\lua</Filter>
    </ClCompile>
    <ClCompile Include="libs\lua\lstrlib.c">
      <Filter>libs\lua</Filter>
    </ClCompile>
    <ClCompile Include="libs\lua\ltable.c">
      <Filter>libs\lua</Filter>
    </ClCompile>
    <ClCompile Include="libs\lua\ltablib.c">
      <Filter>libs\lua</Filter>
    </ClCompile>
    <ClCompile Include="libs\lua\ltm.c">
      <Filter>libs\lua</Filter>
    </ClCompile>
    <ClCompile Include="libs\lua\lua.c">
      <Filter>libs\lua</Filter>
    </ClCompile>
    <ClCompile Include="libs\lua\luac.c">
      <Filter>libs\lua</Filter>
    </ClCompile>
    <ClCompile Include="libs\lua\lundump.c">
      <Filter>libs\lua</Filter>
    </ClCompile>
    <ClCompile Include="libs\lua\lvm.c">
      <Filter>libs\lua</Filter>
    </ClCompile>
    <ClCompile Include="libs\lua\lzio.c">
      <Filter>libs\lua</Filter>
    </ClCompile>
    <ClCompile Include="libs\lua\print.c">
      <Filter>libs\lua</Filter>
    </ClCompile>
    <ClCompile Include="libs\lua\lapi.c">
      <Filter>libs\lua</Filter>
    </ClCompile>
    <ClCompile Include="libs\lua\lauxlib.c">
      <Filter>libs\lua</Filter>
    </ClCompile>
    <ClCompile Include="libs\lua\lbaselib.c">
      <Filter>libs\lua</Filter>
    </ClCompile>
    <ClCompile Include="libs\lua\lcode.c">
      <Filter>libs\lua</Filter>
    </ClCompile>
    <ClCompile Include="libs\lua\ldblib.c">
      <Filter>libs\lua</Filter>
    </ClCompile>
    <ClCompile Include="libs\lua\ldebug.c">
      <Filter>libs\lua</Filter>
    </ClCompile>
    <ClCompile Include="libs\lua\ldo.c">
      <Filter>libs\lua</Filter>
    </ClCompile>
    <ClCompile Include="src\Components\ComponentLua.cpp">
      <Filter>src\Components</Filter>
    </ClCompile>
    <ClCompile Include="src\Core\SteeringComponent.cpp">
      <Filter>src\Core</Filter>
    </ClCompile>
    <ClCompile Include="src\AIAgents\AIAgentsFactory.cpp">
      <Filter>src\AIAgents</Filter>
    </ClCompile>
    <ClCompile Include="src\AIAgents\AIConstants.cpp">
      <Filter>src\AIAgents</Filter>
    </ClCompile>
    <ClCompile Include="src\AIAgents\AIAgentsApp.cpp">
      <Filter>src\AIAgents</Filter>
    </ClCompile>
    <ClCompile Include="src\Components\ScriptManager.cpp">
      <Filter>src\Components</Filter>
    </ClCompile>
    <ClCompile Include="src\Arkanoid\ArkanoidApp.cpp">
      <Filter>src\Arkanoid</Filter>
    </ClCompile>
    <ClCompile Include="src\Arkanoid\ArkanoidConstants.cpp">
      <Filter>src\Arkanoid</Filter>
    </ClCompile>
    <ClCompile Include="src\Arkanoid\ArkanoidFactory.cpp">
      <Filter>src\Arkanoid</Filter>
    </ClCompile>
    <ClCompile Include="src\Core\AphApp.cpp">
      <Filter>src\Core</Filter>
    </ClCompile>
  </ItemGroup>
  <ItemGroup>
    <Filter Include="src">
      <UniqueIdentifier>{d8376475-7454-4a24-b08a-aac121d3ad6f}</UniqueIdentifier>
    </Filter>
    <Filter Include="libs">
      <UniqueIdentifier>{5eb8526d-1d74-4db0-b092-3f76cc3189fb}</UniqueIdentifier>
    </Filter>
    <Filter Include="libs\jsonxx">
      <UniqueIdentifier>{7659c987-bece-4ee1-ab70-6a44d565d08d}</UniqueIdentifier>
    </Filter>
    <Filter Include="libs\pugixml">
      <UniqueIdentifier>{95355289-283a-4a83-91d4-2ba81285c8f8}</UniqueIdentifier>
    </Filter>
    <Filter Include="src\Examples">
      <UniqueIdentifier>{8854cb45-4c45-4bfe-bcb5-1ea479017d1e}</UniqueIdentifier>
    </Filter>
    <Filter Include="src\Core">
      <UniqueIdentifier>{64c4b6e4-16bf-4459-961f-017a98c623d4}</UniqueIdentifier>
    </Filter>
    <Filter Include="libs\ofxTextLabel">
      <UniqueIdentifier>{a4849be9-59c2-4cd6-a43b-f98995f4a717}</UniqueIdentifier>
    </Filter>
    <Filter Include="src\Components">
      <UniqueIdentifier>{45d70e40-da60-45d3-b137-4143917befac}</UniqueIdentifier>
    </Filter>
    <Filter Include="src\Pacman">
      <UniqueIdentifier>{538030c2-daad-44b5-be98-5bd7e0d8ee2d}</UniqueIdentifier>
    </Filter>
    <Filter Include="src\Paratrooper">
      <UniqueIdentifier>{6018def0-bc81-4e79-b43b-9758e08200bc}</UniqueIdentifier>
    </Filter>
    <Filter Include="src\AIAgents">
      <UniqueIdentifier>{caa69fc7-d958-45dd-9133-2b96a1038b54}</UniqueIdentifier>
    </Filter>
    <Filter Include="libs\lua">
      <UniqueIdentifier>{e4e57519-5dcf-4b5a-9451-d375f79cec27}</UniqueIdentifier>
    </Filter>
    <Filter Include="libs\luabridge">
      <UniqueIdentifier>{d425b160-6d06-4b2a-8b3f-669eb10ff6d9}</UniqueIdentifier>
    </Filter>
    <Filter Include="src\Arkanoid">
      <UniqueIdentifier>{81ef950f-0f82-4cf4-b198-98c2ab4bb875}</UniqueIdentifier>
    </Filter>
  </ItemGroup>
  <ItemGroup>
    <ClInclude Include="libs\jsonxx\jsonxx.h">
      <Filter>libs\jsonxx</Filter>
    </ClInclude>
    <ClInclude Include="libs\pugixml\pugixml.h">
      <Filter>libs\pugixml</Filter>
    </ClInclude>
    <ClInclude Include="libs\pugixml\pugiconfig.h">
      <Filter>libs\pugixml</Filter>
    </ClInclude>
    <ClInclude Include="libs\ofxTextLabel\ofxTextLabel.h">
      <Filter>libs\ofxTextLabel</Filter>
    </ClInclude>
    <ClInclude Include="src\Components\CompValues.h">
      <Filter>src\Components</Filter>
    </ClInclude>
    <ClInclude Include="src\Components\Context.h">
      <Filter>src\Components</Filter>
    </ClInclude>
    <ClInclude Include="src\Components\GameObject.h">
      <Filter>src\Components</Filter>
    </ClInclude>
    <ClInclude Include="src\Components\Msg.h">
      <Filter>src\Components</Filter>
    </ClInclude>
    <ClInclude Include="src\Components\Scene.h">
      <Filter>src\Components</Filter>
    </ClInclude>
    <ClInclude Include="src\Components\Attribute.h">
      <Filter>src\Components</Filter>
    </ClInclude>
    <ClInclude Include="src\Components\Component.h">
      <Filter>src\Components</Filter>
    </ClInclude>
    <ClInclude Include="src\Core\Renderer.h">
      <Filter>src\Core</Filter>
    </ClInclude>
    <ClInclude Include="src\Core\Sprite.h">
      <Filter>src\Core</Filter>
    </ClInclude>
    <ClInclude Include="src\Core\SpriteSheet.h">
      <Filter>src\Core</Filter>
    </ClInclude>
    <ClInclude Include="src\Core\SpriteSheetBuilder.h">
      <Filter>src\Core</Filter>
    </ClInclude>
    <ClInclude Include="src\Core\SpriteSheetRenderer.h">
      <Filter>src\Core</Filter>
    </ClInclude>
    <ClInclude Include="src\Core\SteeringMath.h">
      <Filter>src\Core</Filter>
    </ClInclude>
    <ClInclude Include="src\Core\StrId.h">
      <Filter>src\Core</Filter>
    </ClInclude>
    <ClInclude Include="src\Core\Transform.h">
      <Filter>src\Core</Filter>
    </ClInclude>
    <ClInclude Include="src\Core\TransformBuilder.h">
      <Filter>src\Core</Filter>
    </ClInclude>
    <ClInclude Include="src\Core\AphMain.h">
      <Filter>src\Core</Filter>
    </ClInclude>
    <ClInclude Include="src\Core\AphUtils.h">
      <Filter>src\Core</Filter>
    </ClInclude>
    <ClInclude Include="src\Core\Renderable.h">
      <Filter>src\Core</Filter>
    </ClInclude>
    <ClInclude Include="src\Examples\ComponentExample.h">
      <Filter>src\Examples</Filter>
    </ClInclude>
    <ClInclude Include="src\Examples\ComponentExample2.h">
      <Filter>src\Examples</Filter>
    </ClInclude>
    <ClInclude Include="src\Examples\CpuParticlesExample.h">
      <Filter>src\Examples</Filter>
    </ClInclude>
    <ClInclude Include="src\Examples\CubeExample.h">
      <Filter>src\Examples</Filter>
    </ClInclude>
    <ClInclude Include="src\Examples\GpuParticlesExample.h">
      <Filter>src\Examples</Filter>
    </ClInclude>
    <ClInclude Include="src\Examples\StarsExample.h">
      <Filter>src\Examples</Filter>
    </ClInclude>
    <ClInclude Include="src\Examples\TwistExample.h">
      <Filter>src\Examples</Filter>
    </ClInclude>
    <ClInclude Include="src\Examples\ColorWaveExample.h">
      <Filter>src\Examples</Filter>
    </ClInclude>
    <ClInclude Include="src\Pacman\GameUnit.h">
      <Filter>src\Pacman</Filter>
    </ClInclude>
    <ClInclude Include="src\Pacman\Map.h">
      <Filter>src\Pacman</Filter>
    </ClInclude>
    <ClInclude Include="src\Pacman\MapLoader.h">
      <Filter>src\Pacman</Filter>
    </ClInclude>
    <ClInclude Include="src\Pacman\MovementInfo.h">
      <Filter>src\Pacman</Filter>
    </ClInclude>
    <ClInclude Include="src\Pacman\PacmanApp.h">
      <Filter>src\Pacman</Filter>
    </ClInclude>
    <ClInclude Include="src\Pacman\Player.h">
      <Filter>src\Pacman</Filter>
    </ClInclude>
    <ClInclude Include="src\Pacman\Spider.h">
      <Filter>src\Pacman</Filter>
    </ClInclude>
    <ClInclude Include="src\Pacman\States.h">
      <Filter>src\Pacman</Filter>
    </ClInclude>
    <ClInclude Include="src\Pacman\GameSprites.h">
      <Filter>src\Pacman</Filter>
    </ClInclude>
    <ClInclude Include="src\Core\Flags.h">
      <Filter>src\Core</Filter>
    </ClInclude>
    <ClInclude Include="src\Core\BoundingBox.h">
      <Filter>src\Core</Filter>
    </ClInclude>
    <ClInclude Include="src\Paratrooper\GameManager.h">
      <Filter>src\Paratrooper</Filter>
    </ClInclude>
    <ClInclude Include="src\Paratrooper\GameValues.h">
      <Filter>src\Paratrooper</Filter>
    </ClInclude>
    <ClInclude Include="src\Paratrooper\ParatrooperApp.h">
      <Filter>src\Paratrooper</Filter>
    </ClInclude>
    <ClInclude Include="src\Paratrooper\ParatrooperComponent.h">
      <Filter>src\Paratrooper</Filter>
    </ClInclude>
    <ClInclude Include="src\Paratrooper\ParatrooperFactory.h">
      <Filter>src\Paratrooper</Filter>
    </ClInclude>
    <ClInclude Include="src\Paratrooper\ParatrooperModel.h">
      <Filter>src\Paratrooper</Filter>
    </ClInclude>
    <ClInclude Include="src\Paratrooper\ProjectileComponent.h">
      <Filter>src\Paratrooper</Filter>
    </ClInclude>
    <ClInclude Include="src\Paratrooper\ScoreComponent.h">
      <Filter>src\Paratrooper</Filter>
    </ClInclude>
    <ClInclude Include="src\Paratrooper\SoundComponent.h">
      <Filter>src\Paratrooper</Filter>
    </ClInclude>
    <ClInclude Include="src\Paratrooper\CannonController.h">
      <Filter>src\Paratrooper</Filter>
    </ClInclude>
    <ClInclude Include="src\Paratrooper\CollisionManager.h">
      <Filter>src\Paratrooper</Filter>
    </ClInclude>
    <ClInclude Include="src\Paratrooper\CopterAnimator.h">
      <Filter>src\Paratrooper</Filter>
    </ClInclude>
    <ClInclude Include="src\Paratrooper\CopterComponent.h">
      <Filter>src\Paratrooper</Filter>
    </ClInclude>
    <ClInclude Include="src\Paratrooper\CopterSpawner.h">
      <Filter>src\Paratrooper</Filter>
    </ClInclude>
    <ClInclude Include="src\Paratrooper\DeathAnimation.h">
      <Filter>src\Paratrooper</Filter>
    </ClInclude>
    <ClInclude Include="src\Paratrooper\DeathChecker.h">
      <Filter>src\Paratrooper</Filter>
    </ClInclude>
    <ClInclude Include="src\Core\Vec2i.h">
      <Filter>src\Core</Filter>
    </ClInclude>
    <ClInclude Include="src\Core\GridMap.h">
      <Filter>src\Core</Filter>
    </ClInclude>
    <ClInclude Include="src\Core\PathFinder.h">
      <Filter>src\Core</Filter>
    </ClInclude>
    <ClInclude Include="src\Examples\PathFindingExample.h">
      <Filter>src\Examples</Filter>
    </ClInclude>
    <ClInclude Include="src\Examples\VerletExample.h">
      <Filter>src\Examples</Filter>
    </ClInclude>
    <ClInclude Include="src\Examples\QuadTreeExample.h">
      <Filter>src\Examples</Filter>
    </ClInclude>
    <ClInclude Include="src\Examples\PerlinNoiseExample.h">
      <Filter>src\Examples</Filter>
    </ClInclude>
    <ClInclude Include="src\Examples\Homework2.h">
      <Filter>src\Examples</Filter>
    </ClInclude>
    <ClInclude Include="src\Core\Path.h">
      <Filter>src\Core</Filter>
    </ClInclude>
    <ClInclude Include="libs\lua\ldo.h">
      <Filter>libs\lua</Filter>
    </ClInclude>
    <ClInclude Include="libs\lua\lfunc.h">
      <Filter>libs\lua</Filter>
    </ClInclude>
    <ClInclude Include="libs\lua\lgc.h">
      <Filter>libs\lua</Filter>
    </ClInclude>
    <ClInclude Include="libs\lua\llex.h">
      <Filter>libs\lua</Filter>
    </ClInclude>
    <ClInclude Include="libs\lua\llimits.h">
      <Filter>libs\lua</Filter>
    </ClInclude>
    <ClInclude Include="libs\lua\lmem.h">
      <Filter>libs\lua</Filter>
    </ClInclude>
    <ClInclude Include="libs\lua\lobject.h">
      <Filter>libs\lua</Filter>
    </ClInclude>
    <ClInclude Include="libs\lua\lopcodes.h">
      <Filter>libs\lua</Filter>
    </ClInclude>
    <ClInclude Include="libs\lua\lparser.h">
      <Filter>libs\lua</Filter>
    </ClInclude>
    <ClInclude Include="libs\lua\lstate.h">
      <Filter>libs\lua</Filter>
    </ClInclude>
    <ClInclude Include="libs\lua\lstring.h">
      <Filter>libs\lua</Filter>
    </ClInclude>
    <ClInclude Include="libs\lua\ltable.h">
      <Filter>libs\lua</Filter>
    </ClInclude>
    <ClInclude Include="libs\lua\ltm.h">
      <Filter>libs\lua</Filter>
    </ClInclude>
    <ClInclude Include="libs\lua\lua.h">
      <Filter>libs\lua</Filter>
    </ClInclude>
    <ClInclude Include="libs\lua\luaconf.h">
      <Filter>libs\lua</Filter>
    </ClInclude>
    <ClInclude Include="libs\lua\lualib.h">
      <Filter>libs\lua</Filter>
    </ClInclude>
    <ClInclude Include="libs\lua\lundump.h">
      <Filter>libs\lua</Filter>
    </ClInclude>
    <ClInclude Include="libs\lua\lvm.h">
      <Filter>libs\lua</Filter>
    </ClInclude>
    <ClInclude Include="libs\lua\lzio.h">
      <Filter>libs\lua</Filter>
    </ClInclude>
    <ClInclude Include="libs\lua\lapi.h">
      <Filter>libs\lua</Filter>
    </ClInclude>
    <ClInclude Include="libs\lua\lauxlib.h">
      <Filter>libs\lua</Filter>
    </ClInclude>
    <ClInclude Include="libs\lua\lcode.h">
      <Filter>libs\lua</Filter>
    </ClInclude>
    <ClInclude Include="libs\lua\ldebug.h">
      <Filter>libs\lua</Filter>
    </ClInclude>
    <ClInclude Include="libs\luabridge\FuncTraits.h">
      <Filter>libs\luabridge</Filter>
    </ClInclude>
    <ClInclude Include="libs\luabridge\Iterator.h">
      <Filter>libs\luabridge</Filter>
    </ClInclude>
    <ClInclude Include="libs\luabridge\LuaBridge.h">
      <Filter>libs\luabridge</Filter>
    </ClInclude>
    <ClInclude Include="libs\luabridge\LuaException.h">
      <Filter>libs\luabridge</Filter>
    </ClInclude>
    <ClInclude Include="libs\luabridge\LuaHelpers.h">
      <Filter>libs\luabridge</Filter>
    </ClInclude>
    <ClInclude Include="libs\luabridge\LuaRef.h">
      <Filter>libs\luabridge</Filter>
    </ClInclude>
    <ClInclude Include="libs\luabridge\Namespace.h">
      <Filter>libs\luabridge</Filter>
    </ClInclude>
    <ClInclude Include="libs\luabridge\RefCountedObject.h">
      <Filter>libs\luabridge</Filter>
    </ClInclude>
    <ClInclude Include="libs\luabridge\RefCountedPtr.h">
      <Filter>libs\luabridge</Filter>
    </ClInclude>
    <ClInclude Include="libs\luabridge\Stack.h">
      <Filter>libs\luabridge</Filter>
    </ClInclude>
    <ClInclude Include="libs\luabridge\TypeList.h">
      <Filter>libs\luabridge</Filter>
    </ClInclude>
    <ClInclude Include="libs\luabridge\TypeTraits.h">
      <Filter>libs\luabridge</Filter>
    </ClInclude>
    <ClInclude Include="libs\luabridge\Userdata.h">
      <Filter>libs\luabridge</Filter>
    </ClInclude>
    <ClInclude Include="libs\luabridge\CFunctions.h">
      <Filter>libs\luabridge</Filter>
    </ClInclude>
    <ClInclude Include="libs\luabridge\ClassInfo.h">
      <Filter>libs\luabridge</Filter>
    </ClInclude>
    <ClInclude Include="libs\luabridge\Constructor.h">
      <Filter>libs\luabridge</Filter>
    </ClInclude>
    <ClInclude Include="libs\luabridge\dump.h">
      <Filter>libs\luabridge</Filter>
    </ClInclude>
    <ClInclude Include="src\Components\ComponentLua.h">
      <Filter>src\Components</Filter>
    </ClInclude>
    <ClInclude Include="src\Core\Dynamics.h">
      <Filter>src\Core</Filter>
    </ClInclude>
    <ClInclude Include="src\Core\SteeringComponent.h">
      <Filter>src\Core</Filter>
    </ClInclude>
    <ClInclude Include="src\AIAgents\AgentAnimComponent.h">
      <Filter>src\AIAgents</Filter>
    </ClInclude>
    <ClInclude Include="src\AIAgents\AIAgentsFactory.h">
      <Filter>src\AIAgents</Filter>
    </ClInclude>
    <ClInclude Include="src\AIAgents\AIConstants.h">
      <Filter>src\AIAgents</Filter>
    </ClInclude>
    <ClInclude Include="src\AIAgents\AIMap.h">
      <Filter>src\AIAgents</Filter>
    </ClInclude>
    <ClInclude Include="src\AIAgents\AIModel.h">
      <Filter>src\AIAgents</Filter>
    </ClInclude>
    <ClInclude Include="src\AIAgents\WarehouseComponent.h">
      <Filter>src\AIAgents</Filter>
    </ClInclude>
    <ClInclude Include="src\AIAgents\WarehouseStateComponent.h">
      <Filter>src\AIAgents</Filter>
    </ClInclude>
    <ClInclude Include="src\AIAgents\AgentAIComponent.h">
      <Filter>src\AIAgents</Filter>
    </ClInclude>
    <ClInclude Include="src\AIAgents\AgentAIMoveComponent.h">
      <Filter>src\AIAgents</Filter>
    </ClInclude>
    <ClInclude Include="src\AIAgents\AIAgentsApp.h">
      <Filter>src\AIAgents</Filter>
    </ClInclude>
    <ClInclude Include="src\Core\List.h">
      <Filter>src\Core</Filter>
    </ClInclude>
    <ClInclude Include="src\Components\ScriptManager.h">
      <Filter>src\Components</Filter>
    </ClInclude>
    <ClInclude Include="src\Arkanoid\ArkanoidModel.h">
      <Filter>src\Arkanoid</Filter>
    </ClInclude>
    <ClInclude Include="src\Arkanoid\GameComponent.h">
      <Filter>src\Arkanoid</Filter>
    </ClInclude>
    <ClInclude Include="src\Arkanoid\PaddleComponent.h">
      <Filter>src\Arkanoid</Filter>
    </ClInclude>
    <ClInclude Include="src\Arkanoid\ArkanoidApp.h">
      <Filter>src\Arkanoid</Filter>
    </ClInclude>
    <ClInclude Include="src\Arkanoid\ArkanoidConstants.h">
      <Filter>src\Arkanoid</Filter>
    </ClInclude>
    <ClInclude Include="src\Arkanoid\ArkanoidFactory.h">
      <Filter>src\Arkanoid</Filter>
    </ClInclude>
    <ClInclude Include="src\Arkanoid\BallCollisionComponent.h">
      <Filter>src\Arkanoid</Filter>
    </ClInclude>
    <ClInclude Include="src\Core\AphApp.h">
      <Filter>src\Core</Filter>
    </ClInclude>
    <ClInclude Include="src\Arkanoid\ArkanoidSoundComponent.h">
      <Filter>src\Arkanoid</Filter>
    </ClInclude>
    <ClInclude Include="src\Arkanoid\ArkanoidStatusComponent.h">
      <Filter>src\Arkanoid</Filter>
    </ClInclude>
    <ClInclude Include="src\Arkanoid\ArkanoidIntroComponent.h">
      <Filter>src\Arkanoid</Filter>
    </ClInclude>
    <ClInclude Include="src\Arkanoid\ArkanoidLifeComponent.h">
      <Filter>src\Arkanoid</Filter>
    </ClInclude>
    <ClInclude Include="src\Arkanoid\BrickCollisionComponent.h">
      <Filter>src\Arkanoid</Filter>
    </ClInclude>
  </ItemGroup>
  <ItemGroup>
    <ResourceCompile Include="icon.rc" />
  </ItemGroup>
</Project>